
Microsoft Visual Studio Solution File, Format Version 12.00
# Visual Studio Version 16
VisualStudioVersion = 16.0.30523.141
MinimumVisualStudioVersion = 10.0.40219.1
Project("{FAE04EC0-301F-11D3-BF4B-00C04F79EFBC}") = "app_aspnet_core", "app_aspnet_core\app_aspnet_core.csproj", "{C2CC6D27-726D-4268-A6A1-0AE2EBFB6381}"
EndProject
Global
	GlobalSection(SolutionConfigurationPlatforms) = preSolution
		Debug|Any CPU = Debug|Any CPU
		Release|Any CPU = Release|Any CPU
	EndGlobalSection
	GlobalSection(ProjectConfigurationPlatforms) = postSolution
		{C2CC6D27-726D-4268-A6A1-0AE2EBFB6381}.Debug|Any CPU.ActiveCfg = Debug|Any CPU
		{C2CC6D27-726D-4268-A6A1-0AE2EBFB6381}.Debug|Any CPU.Build.0 = Debug|Any CPU
		{C2CC6D27-726D-4268-A6A1-0AE2EBFB6381}.Release|Any CPU.ActiveCfg = Release|Any CPU
		{C2CC6D27-726D-4268-A6A1-0AE2EBFB6381}.Release|Any CPU.Build.0 = Release|Any CPU
	EndGlobalSection
	GlobalSection(SolutionProperties) = preSolution
		HideSolutionNode = FALSE
	EndGlobalSection
	GlobalSection(ExtensibilityGlobals) = postSolution
		SolutionGuid = {B319A274-DD07-4169-A1A8-FDD9843463B8}
	EndGlobalSection
EndGlobal
